
Microsoft Visual Studio Solution File, Format Version 12.00
# Visual Studio Version 16
VisualStudioVersion = 16.0.31005.135
MinimumVisualStudioVersion = 10.0.40219.1
Project("{FAE04EC0-301F-11D3-BF4B-00C04F79EFBC}") = "Tamagotchi", "Tamagotchi\Tamagotchi.csproj", "{9A859692-ECFC-4261-B9AB-AA5E0022DBE8}"
EndProject
Global
	GlobalSection(SolutionConfigurationPlatforms) = preSolution
		Debug|Any CPU = Debug|Any CPU
		Release|Any CPU = Release|Any CPU
	EndGlobalSection
	GlobalSection(ProjectConfigurationPlatforms) = postSolution
		{9A859692-ECFC-4261-B9AB-AA5E0022DBE8}.Debug|Any CPU.ActiveCfg = Debug|Any CPU
		{9A859692-ECFC-4261-B9AB-AA5E0022DBE8}.Debug|Any CPU.Build.0 = Debug|Any CPU
		{9A859692-ECFC-4261-B9AB-AA5E0022DBE8}.Release|Any CPU.ActiveCfg = Release|Any CPU
		{9A859692-ECFC-4261-B9AB-AA5E0022DBE8}.Release|Any CPU.Build.0 = Release|Any CPU
	EndGlobalSection
	GlobalSection(SolutionProperties) = preSolution
		HideSolutionNode = FALSE
	EndGlobalSection
	GlobalSection(ExtensibilityGlobals) = postSolution
		SolutionGuid = {90DAB62F-EA72-43FE-AA44-80C485995087}
	EndGlobalSection
EndGlobal
